
Microsoft Visual Studio Solution File, Format Version 12.00
# Visual Studio 14
VisualStudioVersion = 14.0.25420.1
MinimumVisualStudioVersion = 10.0.40219.1
Project("{FAE04EC0-301F-11D3-BF4B-00C04F79EFBC}") = "01_ConsoleApplication", "ConsoleApplication01\01_ConsoleApplication.csproj", "{537558C5-9C11-4F36-8E76-225A08050021}"
EndProject
Project("{FAE04EC0-301F-11D3-BF4B-00C04F79EFBC}") = "02_WebApplication", "WebApplication01\02_WebApplication.csproj", "{B74871DD-D1B1-4589-BC0B-EC5600CAA130}"
EndProject
Project("{FAE04EC0-301F-11D3-BF4B-00C04F79EFBC}") = "03_WebApplication", "03_WebApplication\03_WebApplication.csproj", "{469169D4-10C3-49F0-8F05-2346C1260C6D}"
EndProject
Global
	GlobalSection(SolutionConfigurationPlatforms) = preSolution
		Debug|Any CPU = Debug|Any CPU
		Release|Any CPU = Release|Any CPU
	EndGlobalSection
	GlobalSection(ProjectConfigurationPlatforms) = postSolution
		{537558C5-9C11-4F36-8E76-225A08050021}.Debug|Any CPU.ActiveCfg = Debug|Any CPU
		{537558C5-9C11-4F36-8E76-225A08050021}.Debug|Any CPU.Build.0 = Debug|Any CPU
		{537558C5-9C11-4F36-8E76-225A08050021}.Release|Any CPU.ActiveCfg = Release|Any CPU
		{537558C5-9C11-4F36-8E76-225A08050021}.Release|Any CPU.Build.0 = Release|Any CPU
		{B74871DD-D1B1-4589-BC0B-EC5600CAA130}.Debug|Any CPU.ActiveCfg = Debug|Any CPU
		{B74871DD-D1B1-4589-BC0B-EC5600CAA130}.Debug|Any CPU.Build.0 = Debug|Any CPU
		{B74871DD-D1B1-4589-BC0B-EC5600CAA130}.Release|Any CPU.ActiveCfg = Release|Any CPU
		{B74871DD-D1B1-4589-BC0B-EC5600CAA130}.Release|Any CPU.Build.0 = Release|Any CPU
		{469169D4-10C3-49F0-8F05-2346C1260C6D}.Debug|Any CPU.ActiveCfg = Debug|Any CPU
		{469169D4-10C3-49F0-8F05-2346C1260C6D}.Debug|Any CPU.Build.0 = Debug|Any CPU
		{469169D4-10C3-49F0-8F05-2346C1260C6D}.Release|Any CPU.ActiveCfg = Release|Any CPU
		{469169D4-10C3-49F0-8F05-2346C1260C6D}.Release|Any CPU.Build.0 = Release|Any CPU
	EndGlobalSection
	GlobalSection(SolutionProperties) = preSolution
		HideSolutionNode = FALSE
	EndGlobalSection
EndGlobal
