
Microsoft Visual Studio Solution File, Format Version 12.00
# Visual Studio 14
VisualStudioVersion = 14.0.25420.1
MinimumVisualStudioVersion = 10.0.40219.1
Project("{FAE04EC0-301F-11D3-BF4B-00C04F79EFBC}") = "01_ConsoleApplication", "ConsoleApplication01\01_ConsoleApplication.csproj", "{537558C5-9C11-4F36-8E76-225A08050021}"
EndProject
Project("{FAE04EC0-301F-11D3-BF4B-00C04F79EFBC}") = "02_MVA_Ex", "02_MVA_Ex\02_MVA_Ex.csproj", "{188C9EB3-0D51-415A-894E-5D0040FC50CF}"
EndProject
Global
	GlobalSection(SolutionConfigurationPlatforms) = preSolution
		Debug|Any CPU = Debug|Any CPU
		Release|Any CPU = Release|Any CPU
	EndGlobalSection
	GlobalSection(ProjectConfigurationPlatforms) = postSolution
		{537558C5-9C11-4F36-8E76-225A08050021}.Debug|Any CPU.ActiveCfg = Debug|Any CPU
		{537558C5-9C11-4F36-8E76-225A08050021}.Debug|Any CPU.Build.0 = Debug|Any CPU
		{537558C5-9C11-4F36-8E76-225A08050021}.Release|Any CPU.ActiveCfg = Release|Any CPU
		{537558C5-9C11-4F36-8E76-225A08050021}.Release|Any CPU.Build.0 = Release|Any CPU
		{188C9EB3-0D51-415A-894E-5D0040FC50CF}.Debug|Any CPU.ActiveCfg = Debug|Any CPU
		{188C9EB3-0D51-415A-894E-5D0040FC50CF}.Debug|Any CPU.Build.0 = Debug|Any CPU
		{188C9EB3-0D51-415A-894E-5D0040FC50CF}.Release|Any CPU.ActiveCfg = Release|Any CPU
		{188C9EB3-0D51-415A-894E-5D0040FC50CF}.Release|Any CPU.Build.0 = Release|Any CPU
	EndGlobalSection
	GlobalSection(SolutionProperties) = preSolution
		HideSolutionNode = FALSE
	EndGlobalSection
EndGlobal
